
Microsoft Visual Studio Solution File, Format Version 12.00
# Visual Studio Version 16
VisualStudioVersion = 16.0.30011.22
MinimumVisualStudioVersion = 10.0.40219.1
Project("{FAE04EC0-301F-11D3-BF4B-00C04F79EFBC}") = "MasscanExporter", "MasscanExporter.csproj", "{581893CB-CB10-4641-BBB5-318BAC9DC94A}"
EndProject
Global
	GlobalSection(SolutionConfigurationPlatforms) = preSolution
		Debug|Any CPU = Debug|Any CPU
		Release|Any CPU = Release|Any CPU
	EndGlobalSection
	GlobalSection(ProjectConfigurationPlatforms) = postSolution
		{581893CB-CB10-4641-BBB5-318BAC9DC94A}.Debug|Any CPU.ActiveCfg = Debug|Any CPU
		{581893CB-CB10-4641-BBB5-318BAC9DC94A}.Debug|Any CPU.Build.0 = Debug|Any CPU
		{581893CB-CB10-4641-BBB5-318BAC9DC94A}.Release|Any CPU.ActiveCfg = Release|Any CPU
		{581893CB-CB10-4641-BBB5-318BAC9DC94A}.Release|Any CPU.Build.0 = Release|Any CPU
	EndGlobalSection
	GlobalSection(SolutionProperties) = preSolution
		HideSolutionNode = FALSE
	EndGlobalSection
	GlobalSection(ExtensibilityGlobals) = postSolution
		SolutionGuid = {C6237CF6-DE63-408A-8440-8C12DCC28A1C}
	EndGlobalSection
EndGlobal
